
Microsoft Visual Studio Solution File, Format Version 12.00
# Visual Studio 15
Project("{FAE04EC0-301F-11D3-BF4B-00C04F79EFBC}") = "MeusPedidos", "MeusPedidos\MeusPedidos.csproj", "{966FB0D3-F41A-4224-B8D2-A1AD885D53A5}"
EndProject
Project("{FAE04EC0-301F-11D3-BF4B-00C04F79EFBC}") = "MeusPedidos.UITests", "MeusPedidos.UITests\MeusPedidos.UITests.csproj", "{A79D8ACD-B471-495E-8958-EFAD3F302AFD}"
EndProject
Global
	GlobalSection(SolutionConfigurationPlatforms) = preSolution
		Debug|Any CPU = Debug|Any CPU
		Release|Any CPU = Release|Any CPU
	EndGlobalSection
	GlobalSection(ProjectConfigurationPlatforms) = postSolution
		{966FB0D3-F41A-4224-B8D2-A1AD885D53A5}.Debug|Any CPU.ActiveCfg = Debug|Any CPU
		{966FB0D3-F41A-4224-B8D2-A1AD885D53A5}.Debug|Any CPU.Build.0 = Debug|Any CPU
		{966FB0D3-F41A-4224-B8D2-A1AD885D53A5}.Release|Any CPU.ActiveCfg = Release|Any CPU
		{966FB0D3-F41A-4224-B8D2-A1AD885D53A5}.Release|Any CPU.Build.0 = Release|Any CPU
		{A79D8ACD-B471-495E-8958-EFAD3F302AFD}.Debug|Any CPU.ActiveCfg = Debug|Any CPU
		{A79D8ACD-B471-495E-8958-EFAD3F302AFD}.Debug|Any CPU.Build.0 = Debug|Any CPU
		{A79D8ACD-B471-495E-8958-EFAD3F302AFD}.Release|Any CPU.ActiveCfg = Release|Any CPU
		{A79D8ACD-B471-495E-8958-EFAD3F302AFD}.Release|Any CPU.Build.0 = Release|Any CPU
	EndGlobalSection
EndGlobal
